<?xml version="1.0" encoding="UTF-8" standalone="yes" ?>
<CodeBlocks_project_file>
	<FileVersion major="1" minor="6" />
	<Project>
		<Option title="Projekt-Quoridor" />
		<Option pch_mode="2" />
		<Option compiler="gcc" />
		<Build>
			<Target title="Debug">
				<Option output="bin/Debug/Projekt-Quoridor" prefix_auto="1" extension_auto="1" />
				<Option object_output="obj/Debug/" />
				<Option type="1" />
				<Option compiler="gcc" />
				<Compiler>
					<Add option="-Wextra" />
					<Add option="-std=c99" />
					<Add option="-g" />
					<Add option="`pkg-config gtk+-3.0 --cflags`" />
					<Add directory="include" />
				</Compiler>
				<Linker>
					<Add option="`pkg-config gtk+-3.0 --libs`" />
					<Add library="ws2_32" />
				</Linker>
			</Target>
			<Target title="Release">
				<Option output="bin/Release/Projekt-Quoridor" prefix_auto="1" extension_auto="1" />
				<Option object_output="obj/Release/" />
				<Option type="1" />
				<Option compiler="gcc" />
				<Compiler>
					<Add option="-O2" />
					<Add directory="include" />
				</Compiler>
				<Linker>
					<Add option="-s" />
				</Linker>
			</Target>
		</Build>
		<Compiler>
			<Add option="-Wall" />
		</Compiler>
		<Unit filename="include/FileMenager.h" />
		<Unit filename="include/GUI.h" />
		<Unit filename="include/GameLogic.h" />
		<Unit filename="include/Quoridor.h" />
		<Unit filename="include/Socket.h" />
		<Unit filename="src/FileMenager.c">
			<Option compilerVar="CC" />
		</Unit>
		<Unit filename="src/GUI.c">
			<Option compilerVar="CC" />
		</Unit>
		<Unit filename="src/GameLogic.c">
			<Option compilerVar="CC" />
		</Unit>
		<Unit filename="src/Quoridor.c">
			<Option compilerVar="CC" />
		</Unit>
		<Unit filename="src/Socket.c">
			<Option compilerVar="CC" />
		</Unit>
		<Extensions>
			<code_completion />
			<envvars />
			<debugger />
		</Extensions>
	</Project>
</CodeBlocks_project_file>
